
Microsoft Visual Studio Solution File, Format Version 12.00
# Visual Studio Version 17
VisualStudioVersion = 17.5.002.0
MinimumVisualStudioVersion = 10.0.40219.1
Global
	GlobalSection(SolutionConfigurationPlatforms) = preSolution
		Debug|Any CPU = Debug|Any CPU
		Release|Any CPU = Release|Any CPU
	EndGlobalSection
	GlobalSection(ProjectConfigurationPlatforms) = postSolution
		{3FF5C071-BBF0-4765-A763-FF033AA93D89}.Debug|Any CPU.ActiveCfg = Debug|Any CPU
		{3FF5C071-BBF0-4765-A763-FF033AA93D89}.Debug|Any CPU.Build.0 = Debug|Any CPU
		{3FF5C071-BBF0-4765-A763-FF033AA93D89}.Release|Any CPU.ActiveCfg = Release|Any CPU
		{3FF5C071-BBF0-4765-A763-FF033AA93D89}.Release|Any CPU.Build.0 = Release|Any CPU
	EndGlobalSection
	GlobalSection(SolutionProperties) = preSolution
		HideSolutionNode = FALSE
	EndGlobalSection
	GlobalSection(ExtensibilityGlobals) = postSolution
		SolutionGuid = {4414BBA4-C964-499D-B185-59E7BB2BBC33}
	EndGlobalSection
EndGlobal
